
Microsoft Visual Studio Solution File, Format Version 12.00
# Visual Studio 15
VisualStudioVersion = 15.0.27428.1
MinimumVisualStudioVersion = 10.0.40219.1
Project("{FAE04EC0-301F-11D3-BF4B-00C04F79EFBC}") = "Dinner", "Dinner\Dinner.csproj", "{6B997A22-7C6E-4B19-AB68-C67874DA66F6}"
EndProject
Project("{FAE04EC0-301F-11D3-BF4B-00C04F79EFBC}") = "Dinner.Tests", "Dinner.Tests\Dinner.Tests.csproj", "{F727215F-F5C0-47CF-9D39-6F3DAEF7AAFD}"
EndProject
Global
	GlobalSection(SolutionConfigurationPlatforms) = preSolution
		Debug|Any CPU = Debug|Any CPU
		Release|Any CPU = Release|Any CPU
	EndGlobalSection
	GlobalSection(ProjectConfigurationPlatforms) = postSolution
		{6B997A22-7C6E-4B19-AB68-C67874DA66F6}.Debug|Any CPU.ActiveCfg = Debug|Any CPU
		{6B997A22-7C6E-4B19-AB68-C67874DA66F6}.Debug|Any CPU.Build.0 = Debug|Any CPU
		{6B997A22-7C6E-4B19-AB68-C67874DA66F6}.Release|Any CPU.ActiveCfg = Release|Any CPU
		{6B997A22-7C6E-4B19-AB68-C67874DA66F6}.Release|Any CPU.Build.0 = Release|Any CPU
		{F727215F-F5C0-47CF-9D39-6F3DAEF7AAFD}.Debug|Any CPU.ActiveCfg = Debug|Any CPU
		{F727215F-F5C0-47CF-9D39-6F3DAEF7AAFD}.Debug|Any CPU.Build.0 = Debug|Any CPU
		{F727215F-F5C0-47CF-9D39-6F3DAEF7AAFD}.Release|Any CPU.ActiveCfg = Release|Any CPU
		{F727215F-F5C0-47CF-9D39-6F3DAEF7AAFD}.Release|Any CPU.Build.0 = Release|Any CPU
	EndGlobalSection
	GlobalSection(SolutionProperties) = preSolution
		HideSolutionNode = FALSE
	EndGlobalSection
	GlobalSection(ExtensibilityGlobals) = postSolution
		SolutionGuid = {E15D6437-281B-4A14-AAD2-456F4ECEA7DA}
	EndGlobalSection
EndGlobal
